
Microsoft Visual Studio Solution File, Format Version 12.00
# Visual Studio 15
VisualStudioVersion = 15.0.27703.2042
MinimumVisualStudioVersion = 10.0.40219.1
Project("{8BC9CEB8-8B4A-11D0-8D11-00A0C91BC942}") = "VPacker", "VPacker\VPacker.vcxproj", "{BD4D18C0-04DD-4A87-BBA7-B346F5AB9802}"
EndProject
Global
	GlobalSection(SolutionConfigurationPlatforms) = preSolution
		Debug|x64 = Debug|x64
		Debug|x86 = Debug|x86
		Release|x64 = Release|x64
		Release|x86 = Release|x86
	EndGlobalSection
	GlobalSection(ProjectConfigurationPlatforms) = postSolution
		{BD4D18C0-04DD-4A87-BBA7-B346F5AB9802}.Debug|x64.ActiveCfg = Debug|x64
		{BD4D18C0-04DD-4A87-BBA7-B346F5AB9802}.Debug|x64.Build.0 = Debug|x64
		{BD4D18C0-04DD-4A87-BBA7-B346F5AB9802}.Debug|x86.ActiveCfg = Debug|Win32
		{BD4D18C0-04DD-4A87-BBA7-B346F5AB9802}.Debug|x86.Build.0 = Debug|Win32
		{BD4D18C0-04DD-4A87-BBA7-B346F5AB9802}.Release|x64.ActiveCfg = Release|x64
		{BD4D18C0-04DD-4A87-BBA7-B346F5AB9802}.Release|x64.Build.0 = Release|x64
		{BD4D18C0-04DD-4A87-BBA7-B346F5AB9802}.Release|x86.ActiveCfg = Release|Win32
		{BD4D18C0-04DD-4A87-BBA7-B346F5AB9802}.Release|x86.Build.0 = Release|Win32
	EndGlobalSection
	GlobalSection(SolutionProperties) = preSolution
		HideSolutionNode = FALSE
	EndGlobalSection
	GlobalSection(ExtensibilityGlobals) = postSolution
		SolutionGuid = {8C52A563-FBE2-49BC-9E77-DD22AF8D2EBA}
	EndGlobalSection
EndGlobal
